
Microsoft Visual Studio Solution File, Format Version 12.00
# Visual Studio Version 17
VisualStudioVersion = 17.7.34202.233
MinimumVisualStudioVersion = 10.0.40219.1
Project("{FAE04EC0-301F-11D3-BF4B-00C04F79EFBC}") = "CreateAccount", "CreateAccount\CreateAccount.csproj", "{DF412D3A-9EBB-4DB8-B3C4-CC9B74832B5A}"
EndProject
Global
	GlobalSection(SolutionConfigurationPlatforms) = preSolution
		Debug|Any CPU = Debug|Any CPU
		Release|Any CPU = Release|Any CPU
	EndGlobalSection
	GlobalSection(ProjectConfigurationPlatforms) = postSolution
		{DF412D3A-9EBB-4DB8-B3C4-CC9B74832B5A}.Debug|Any CPU.ActiveCfg = Debug|Any CPU
		{DF412D3A-9EBB-4DB8-B3C4-CC9B74832B5A}.Debug|Any CPU.Build.0 = Debug|Any CPU
		{DF412D3A-9EBB-4DB8-B3C4-CC9B74832B5A}.Release|Any CPU.ActiveCfg = Release|Any CPU
		{DF412D3A-9EBB-4DB8-B3C4-CC9B74832B5A}.Release|Any CPU.Build.0 = Release|Any CPU
	EndGlobalSection
	GlobalSection(SolutionProperties) = preSolution
		HideSolutionNode = FALSE
	EndGlobalSection
	GlobalSection(ExtensibilityGlobals) = postSolution
		SolutionGuid = {86D37D1C-9768-43FF-84B0-4A6E81F12A9B}
	EndGlobalSection
EndGlobal
